// !$*UTF8*$!
{
	archiveVersion = 1;
	classes = {
	};
	objectVersion = 46;
	objects = {

/* Begin PBXBuildFile section */
		BC3725581DAA712500ECD9E8 /* AppDelegate.swift in Sources */ = {isa = PBXBuildFile; fileRef = BC3725571DAA712500ECD9E8 /* AppDelegate.swift */; };
		BC37255A1DAA712500ECD9E8 /* ViewController.swift in Sources */ = {isa = PBXBuildFile; fileRef = BC3725591DAA712500ECD9E8 /* ViewController.swift */; };
		BC37255D1DAA712500ECD9E8 /* Main.storyboard in Resources */ = {isa = PBXBuildFile; fileRef = BC37255B1DAA712500ECD9E8 /* Main.storyboard */; };
		BC37255F1DAA712500ECD9E8 /* Assets.xcassets in Resources */ = {isa = PBXBuildFile; fileRef = BC37255E1DAA712500ECD9E8 /* Assets.xcassets */; };
		BC3725621DAA712500ECD9E8 /* LaunchScreen.storyboard in Resources */ = {isa = PBXBuildFile; fileRef = BC3725601DAA712500ECD9E8 /* LaunchScreen.storyboard */; };
		BC37256D1DAA712500ECD9E8 /* Tic_Tac_TacoTests.swift in Sources */ = {isa = PBXBuildFile; fileRef = BC37256C1DAA712500ECD9E8 /* Tic_Tac_TacoTests.swift */; };
		BC3725781DAA712500ECD9E8 /* Tic_Tac_TacoUITests.swift in Sources */ = {isa = PBXBuildFile; fileRef = BC3725771DAA712500ECD9E8 /* Tic_Tac_TacoUITests.swift */; };
/* End PBXBuildFile section */

/* Begin PBXContainerItemProxy section */
		BC3725691DAA712500ECD9E8 /* PBXContainerItemProxy */ = {
			isa = PBXContainerItemProxy;
			containerPortal = BC37254C1DAA712400ECD9E8 /* Project object */;
			proxyType = 1;
			remoteGlobalIDString = BC3725531DAA712400ECD9E8;
			remoteInfo = "Tic Tac Taco";
		};
		BC3725741DAA712500ECD9E8 /* PBXContainerItemProxy */ = {
			isa = PBXContainerItemProxy;
			containerPortal = BC37254C1DAA712400ECD9E8 /* Project object */;
			proxyType = 1;
			remoteGlobalIDString = BC3725531DAA712400ECD9E8;
			remoteInfo = "Tic Tac Taco";
		};
/* End PBXContainerItemProxy section */

/* Begin PBXFileReference section */
		BC3725541DAA712500ECD9E8 /* Tic Tac Taco.app */ = {isa = PBXFileReference; explicitFileType = wrapper.application; includeInIndex = 0; path = "Tic Tac Taco.app"; sourceTree = BUILT_PRODUCTS_DIR; };
		BC3725571DAA712500ECD9E8 /* AppDelegate.swift */ = {isa = PBXFileReference; lastKnownFileType = sourcecode.swift; path = AppDelegate.swift; sourceTree = "<group>"; };
		BC3725591DAA712500ECD9E8 /* ViewController.swift */ = {isa = PBXFileReference; lastKnownFileType = sourcecode.swift; path = ViewController.swift; sourceTree = "<group>"; };
		BC37255C1DAA712500ECD9E8 /* Base */ = {isa = PBXFileReference; lastKnownFileType = file.storyboard; name = Base; path = Base.lproj/Main.storyboard; sourceTree = "<group>"; };
		BC37255E1DAA712500ECD9E8 /* Assets.xcassets */ = {isa = PBXFileReference; lastKnownFileType = folder.assetcatalog; path = Assets.xcassets; sourceTree = "<group>"; };
		BC3725611DAA712500ECD9E8 /* Base */ = {isa = PBXFileReference; lastKnownFileType = file.storyboard; name = Base; path = Base.lproj/LaunchScreen.storyboard; sourceTree = "<group>"; };
		BC3725631DAA712500ECD9E8 /* Info.plist */ = {isa = PBXFileReference; lastKnownFileType = text.plist.xml; path = Info.plist; sourceTree = "<group>"; };
		BC3725681DAA712500ECD9E8 /* Tic Tac TacoTests.xctest */ = {isa = PBXFileReference; explicitFileType = wrapper.cfbundle; includeInIndex = 0; path = "Tic Tac TacoTests.xctest"; sourceTree = BUILT_PRODUCTS_DIR; };
		BC37256C1DAA712500ECD9E8 /* Tic_Tac_TacoTests.swift */ = {isa = PBXFileReference; lastKnownFileType = sourcecode.swift; path = Tic_Tac_TacoTests.swift; sourceTree = "<group>"; };
		BC37256E1DAA712500ECD9E8 /* Info.plist */ = {isa = PBXFileReference; lastKnownFileType = text.plist.xml; path = Info.plist; sourceTree = "<group>"; };
		BC3725731DAA712500ECD9E8 /* Tic Tac TacoUITests.xctest */ = {isa = PBXFileReference; explicitFileType = wrapper.cfbundle; includeInIndex = 0; path = "Tic Tac TacoUITests.xctest"; sourceTree = BUILT_PRODUCTS_DIR; };
		BC3725771DAA712500ECD9E8 /* Tic_Tac_TacoUITests.swift */ = {isa = PBXFileReference; lastKnownFileType = sourcecode.swift; path = Tic_Tac_TacoUITests.swift; sourceTree = "<group>"; };
		BC3725791DAA712500ECD9E8 /* Info.plist */ = {isa = PBXFileReference; lastKnownFileType = text.plist.xml; path = Info.plist; sourceTree = "<group>"; };
/* End PBXFileReference section */

/* Begin PBXFrameworksBuildPhase section */
		BC3725511DAA712400ECD9E8 /* Frameworks */ = {
			isa = PBXFrameworksBuildPhase;
			buildActionMask = 2147483647;
			files = (
			);
			runOnlyForDeploymentPostprocessing = 0;
		};
		BC3725651DAA712500ECD9E8 /* Frameworks */ = {
			isa = PBXFrameworksBuildPhase;
			buildActionMask = 2147483647;
			files = (
			);
			runOnlyForDeploymentPostprocessing = 0;
		};
		BC3725701DAA712500ECD9E8 /* Frameworks */ = {
			isa = PBXFrameworksBuildPhase;
			buildActionMask = 2147483647;
			files = (
			);
			runOnlyForDeploymentPostprocessing = 0;
		};
/* End PBXFrameworksBuildPhase section */

/* Begin PBXGroup section */
		BC37254B1DAA712400ECD9E8 = {
			isa = PBXGroup;
			children = (
				BC3725561DAA712500ECD9E8 /* Tic Tac Taco */,
				BC37256B1DAA712500ECD9E8 /* Tic Tac TacoTests */,
				BC3725761DAA712500ECD9E8 /* Tic Tac TacoUITests */,
				BC3725551DAA712500ECD9E8 /* Products */,
			);
			sourceTree = "<group>";
		};
		BC3725551DAA712500ECD9E8 /* Products */ = {
			isa = PBXGroup;
			children = (
				BC3725541DAA712500ECD9E8 /* Tic Tac Taco.app */,
				BC3725681DAA712500ECD9E8 /* Tic Tac TacoTests.xctest */,
				BC3725731DAA712500ECD9E8 /* Tic Tac TacoUITests.xctest */,
			);
			name = Products;
			sourceTree = "<group>";
		};
		BC3725561DAA712500ECD9E8 /* Tic Tac Taco */ = {
			isa = PBXGroup;
			children = (
				BC3725571DAA712500ECD9E8 /* AppDelegate.swift */,
				BC3725591DAA712500ECD9E8 /* ViewController.swift */,
				BC37255B1DAA712500ECD9E8 /* Main.storyboard */,
				BC37255E1DAA712500ECD9E8 /* Assets.xcassets */,
				BC3725601DAA712500ECD9E8 /* LaunchScreen.storyboard */,
				BC3725631DAA712500ECD9E8 /* Info.plist */,
			);
			path = "Tic Tac Taco";
			sourceTree = "<group>";
		};
		BC37256B1DAA712500ECD9E8 /* Tic Tac TacoTests */ = {
			isa = PBXGroup;
			children = (
				BC37256C1DAA712500ECD9E8 /* Tic_Tac_TacoTests.swift */,
				BC37256E1DAA712500ECD9E8 /* Info.plist */,
			);
			path = "Tic Tac TacoTests";
			sourceTree = "<group>";
		};
		BC3725761DAA712500ECD9E8 /* Tic Tac TacoUITests */ = {
			isa = PBXGroup;
			children = (
				BC3725771DAA712500ECD9E8 /* Tic_Tac_TacoUITests.swift */,
				BC3725791DAA712500ECD9E8 /* Info.plist */,
			);
			path = "Tic Tac TacoUITests";
			sourceTree = "<group>";
		};
/* End PBXGroup section */

/* Begin PBXNativeTarget section */
		BC3725531DAA712400ECD9E8 /* Tic Tac Taco */ = {
			isa = PBXNativeTarget;
			buildConfigurationList = BC37257C1DAA712500ECD9E8 /* Build configuration list for PBXNativeTarget "Tic Tac Taco" */;
			buildPhases = (
				BC3725501DAA712400ECD9E8 /* Sources */,
				BC3725511DAA712400ECD9E8 /* Frameworks */,
				BC3725521DAA712400ECD9E8 /* Resources */,
			);
			buildRules = (
			);
			dependencies = (
			);
			name = "Tic Tac Taco";
			productName = "Tic Tac Taco";
			productReference = BC3725541DAA712500ECD9E8 /* Tic Tac Taco.app */;
			productType = "com.apple.product-type.application";
		};
		BC3725671DAA712500ECD9E8 /* Tic Tac TacoTests */ = {
			isa = PBXNativeTarget;
			buildConfigurationList = BC37257F1DAA712500ECD9E8 /* Build configuration list for PBXNativeTarget "Tic Tac TacoTests" */;
			buildPhases = (
				BC3725641DAA712500ECD9E8 /* Sources */,
				BC3725651DAA712500ECD9E8 /* Frameworks */,
				BC3725661DAA712500ECD9E8 /* Resources */,
			);
			buildRules = (
			);
			dependencies = (
				BC37256A1DAA712500ECD9E8 /* PBXTargetDependency */,
			);
			name = "Tic Tac TacoTests";
			productName = "Tic Tac TacoTests";
			productReference = BC3725681DAA712500ECD9E8 /* Tic Tac TacoTests.xctest */;
			productType = "com.apple.product-type.bundle.unit-test";
		};
		BC3725721DAA712500ECD9E8 /* Tic Tac TacoUITests */ = {
			isa = PBXNativeTarget;
			buildConfigurationList = BC3725821DAA712500ECD9E8 /* Build configuration list for PBXNativeTarget "Tic Tac TacoUITests" */;
			buildPhases = (
				BC37256F1DAA712500ECD9E8 /* Sources */,
				BC3725701DAA712500ECD9E8 /* Frameworks */,
				BC3725711DAA712500ECD9E8 /* Resources */,
			);
			buildRules = (
			);
			dependencies = (
				BC3725751DAA712500ECD9E8 /* PBXTargetDependency */,
			);
			name = "Tic Tac TacoUITests";
			productName = "Tic Tac TacoUITests";
			productReference = BC3725731DAA712500ECD9E8 /* Tic Tac TacoUITests.xctest */;
			productType = "com.apple.product-type.bundle.ui-testing";
		};
/* End PBXNativeTarget section */

/* Begin PBXProject section */
		BC37254C1DAA712400ECD9E8 /* Project object */ = {
			isa = PBXProject;
			attributes = {
				LastSwiftUpdateCheck = 0800;
				LastUpgradeCheck = 0800;
				ORGANIZATIONNAME = "Ankita Satpathy";
				TargetAttributes = {
					BC3725531DAA712400ECD9E8 = {
						CreatedOnToolsVersion = 8.0;
						ProvisioningStyle = Automatic;
					};
					BC3725671DAA712500ECD9E8 = {
						CreatedOnToolsVersion = 8.0;
						ProvisioningStyle = Automatic;
						TestTargetID = BC3725531DAA712400ECD9E8;
					};
					BC3725721DAA712500ECD9E8 = {
						CreatedOnToolsVersion = 8.0;
						ProvisioningStyle = Automatic;
						TestTargetID = BC3725531DAA712400ECD9E8;
					};
				};
			};
			buildConfigurationList = BC37254F1DAA712400ECD9E8 /* Build configuration list for PBXProject "Tic Tac Taco" */;
			compatibilityVersion = "Xcode 3.2";
			developmentRegion = English;
			hasScannedForEncodings = 0;
			knownRegions = (
				en,
				Base,
			);
			mainGroup = BC37254B1DAA712400ECD9E8;
			productRefGroup = BC3725551DAA712500ECD9E8 /* Products */;
			projectDirPath = "";
			projectRoot = "";
			targets = (
				BC3725531DAA712400ECD9E8 /* Tic Tac Taco */,
				BC3725671DAA712500ECD9E8 /* Tic Tac TacoTests */,
				BC3725721DAA712500ECD9E8 /* Tic Tac TacoUITests */,
			);
		};
/* End PBXProject section */

/* Begin PBXResourcesBuildPhase section */
		BC3725521DAA712400ECD9E8 /* Resources */ = {
			isa = PBXResourcesBuildPhase;
			buildActionMask = 2147483647;
			files = (
				BC3725621DAA712500ECD9E8 /* LaunchScreen.storyboard in Resources */,
				BC37255F1DAA712500ECD9E8 /* Assets.xcassets in Resources */,
				BC37255D1DAA712500ECD9E8 /* Main.storyboard in Resources */,
			);
			runOnlyForDeploymentPostprocessing = 0;
		};
		BC3725661DAA712500ECD9E8 /* Resources */ = {
			isa = PBXResourcesBuildPhase;
			buildActionMask = 2147483647;
			files = (
			);
			runOnlyForDeploymentPostprocessing = 0;
		};
		BC3725711DAA712500ECD9E8 /* Resources */ = {
			isa = PBXResourcesBuildPhase;
			buildActionMask = 2147483647;
			files = (
			);
			runOnlyForDeploymentPostprocessing = 0;
		};
/* End PBXResourcesBuildPhase section */

/* Begin PBXSourcesBuildPhase section */
		BC3725501DAA712400ECD9E8 /* Sources */ = {
			isa = PBXSourcesBuildPhase;
			buildActionMask = 2147483647;
			files = (
				BC37255A1DAA712500ECD9E8 /* ViewController.swift in Sources */,
				BC3725581DAA712500ECD9E8 /* AppDelegate.swift in Sources */,
			);
			runOnlyForDeploymentPostprocessing = 0;
		};
		BC3725641DAA712500ECD9E8 /* Sources */ = {
			isa = PBXSourcesBuildPhase;
			buildActionMask = 2147483647;
			files = (
				BC37256D1DAA712500ECD9E8 /* Tic_Tac_TacoTests.swift in Sources */,
			);
			runOnlyForDeploymentPostprocessing = 0;
		};
		BC37256F1DAA712500ECD9E8 /* Sources */ = {
			isa = PBXSourcesBuildPhase;
			buildActionMask = 2147483647;
			files = (
				BC3725781DAA712500ECD9E8 /* Tic_Tac_TacoUITests.swift in Sources */,
			);
			runOnlyForDeploymentPostprocessing = 0;
		};
/* End PBXSourcesBuildPhase section */

/* Begin PBXTargetDependency section */
		BC37256A1DAA712500ECD9E8 /* PBXTargetDependency */ = {
			isa = PBXTargetDependency;
			target = BC3725531DAA712400ECD9E8 /* Tic Tac Taco */;
			targetProxy = BC3725691DAA712500ECD9E8 /* PBXContainerItemProxy */;
		};
		BC3725751DAA712500ECD9E8 /* PBXTargetDependency */ = {
			isa = PBXTargetDependency;
			target = BC3725531DAA712400ECD9E8 /* Tic Tac Taco */;
			targetProxy = BC3725741DAA712500ECD9E8 /* PBXContainerItemProxy */;
		};
/* End PBXTargetDependency section */

/* Begin PBXVariantGroup section */
		BC37255B1DAA712500ECD9E8 /* Main.storyboard */ = {
			isa = PBXVariantGroup;
			children = (
				BC37255C1DAA712500ECD9E8 /* Base */,
			);
			name = Main.storyboard;
			sourceTree = "<group>";
		};
		BC3725601DAA712500ECD9E8 /* LaunchScreen.storyboard */ = {
			isa = PBXVariantGroup;
			children = (
				BC3725611DAA712500ECD9E8 /* Base */,
			);
			name = LaunchScreen.storyboard;
			sourceTree = "<group>";
		};
/* End PBXVariantGroup section */

/* Begin XCBuildConfiguration section */
		BC37257A1DAA712500ECD9E8 /* Debug */ = {
			isa = XCBuildConfiguration;
			buildSettings = {
				ALWAYS_SEARCH_USER_PATHS = NO;
				CLANG_ANALYZER_NONNULL = YES;
				CLANG_CXX_LANGUAGE_STANDARD = "gnu++0x";
				CLANG_CXX_LIBRARY = "libc++";
				CLANG_ENABLE_MODULES = YES;
				CLANG_ENABLE_OBJC_ARC = YES;
				CLANG_WARN_BOOL_CONVERSION = YES;
				CLANG_WARN_CONSTANT_CONVERSION = YES;
				CLANG_WARN_DIRECT_OBJC_ISA_USAGE = YES_ERROR;
				CLANG_WARN_DOCUMENTATION_COMMENTS = YES;
				CLANG_WARN_EMPTY_BODY = YES;
				CLANG_WARN_ENUM_CONVERSION = YES;
				CLANG_WARN_INFINITE_RECURSION = YES;
				CLANG_WARN_INT_CONVERSION = YES;
				CLANG_WARN_OBJC_ROOT_CLASS = YES_ERROR;
				CLANG_WARN_SUSPICIOUS_MOVES = YES;
				CLANG_WARN_UNREACHABLE_CODE = YES;
				CLANG_WARN__DUPLICATE_METHOD_MATCH = YES;
				"CODE_SIGN_IDENTITY[sdk=iphoneos*]" = "iPhone Developer";
				COPY_PHASE_STRIP = NO;
				DEBUG_INFORMATION_FORMAT = dwarf;
				ENABLE_STRICT_OBJC_MSGSEND = YES;
				ENABLE_TESTABILITY = YES;
				GCC_C_LANGUAGE_STANDARD = gnu99;
				GCC_DYNAMIC_NO_PIC = NO;
				GCC_NO_COMMON_BLOCKS = YES;
				GCC_OPTIMIZATION_LEVEL = 0;
				GCC_PREPROCESSOR_DEFINITIONS = (
					"DEBUG=1",
					"$(inherited)",
				);
				GCC_WARN_64_TO_32_BIT_CONVERSION = YES;
				GCC_WARN_ABOUT_RETURN_TYPE = YES_ERROR;
				GCC_WARN_UNDECLARED_SELECTOR = YES;
				GCC_WARN_UNINITIALIZED_AUTOS = YES_AGGRESSIVE;
				GCC_WARN_UNUSED_FUNCTION = YES;
				GCC_WARN_UNUSED_VARIABLE = YES;
				IPHONEOS_DEPLOYMENT_TARGET = 10.0;
				MTL_ENABLE_DEBUG_INFO = YES;
				ONLY_ACTIVE_ARCH = YES;
				SDKROOT = iphoneos;
				SWIFT_ACTIVE_COMPILATION_CONDITIONS = DEBUG;
				SWIFT_OPTIMIZATION_LEVEL = "-Onone";
				TARGETED_DEVICE_FAMILY = "1,2";
			};
			name = Debug;
		};
		BC37257B1DAA712500ECD9E8 /* Release */ = {
			isa = XCBuildConfiguration;
			buildSettings = {
				ALWAYS_SEARCH_USER_PATHS = NO;
				CLANG_ANALYZER_NONNULL = YES;
				CLANG_CXX_LANGUAGE_STANDARD = "gnu++0x";
				CLANG_CXX_LIBRARY = "libc++";
				CLANG_ENABLE_MODULES = YES;
				CLANG_ENABLE_OBJC_ARC = YES;
				CLANG_WARN_BOOL_CONVERSION = YES;
				CLANG_WARN_CONSTANT_CONVERSION = YES;
				CLANG_WARN_DIRECT_OBJC_ISA_USAGE = YES_ERROR;
				CLANG_WARN_DOCUMENTATION_COMMENTS = YES;
				CLANG_WARN_EMPTY_BODY = YES;
				CLANG_WARN_ENUM_CONVERSION = YES;
				CLANG_WARN_INFINITE_RECURSION = YES;
				CLANG_WARN_INT_CONVERSION = YES;
				CLANG_WARN_OBJC_ROOT_CLASS = YES_ERROR;
				CLANG_WARN_SUSPICIOUS_MOVES = YES;
				CLANG_WARN_UNREACHABLE_CODE = YES;
				CLANG_WARN__DUPLICATE_METHOD_MATCH = YES;
				"CODE_SIGN_IDENTITY[sdk=iphoneos*]" = "iPhone Developer";
				COPY_PHASE_STRIP = NO;
				DEBUG_INFORMATION_FORMAT = "dwarf-with-dsym";
				ENABLE_NS_ASSERTIONS = NO;
				ENABLE_STRICT_OBJC_MSGSEND = YES;
				GCC_C_LANGUAGE_STANDARD = gnu99;
				GCC_NO_COMMON_BLOCKS = YES;
				GCC_WARN_64_TO_32_BIT_CONVERSION = YES;
				GCC_WARN_ABOUT_RETURN_TYPE = YES_ERROR;
				GCC_WARN_UNDECLARED_SELECTOR = YES;
				GCC_WARN_UNINITIALIZED_AUTOS = YES_AGGRESSIVE;
				GCC_WARN_UNUSED_FUNCTION = YES;
				GCC_WARN_UNUSED_VARIABLE = YES;
				IPHONEOS_DEPLOYMENT_TARGET = 10.0;
				MTL_ENABLE_DEBUG_INFO = NO;
				SDKROOT = iphoneos;
				SWIFT_OPTIMIZATION_LEVEL = "-Owholemodule";
				TARGETED_DEVICE_FAMILY = "1,2";
				VALIDATE_PRODUCT = YES;
			};
			name = Release;
		};
		BC37257D1DAA712500ECD9E8 /* Debug */ = {
			isa = XCBuildConfiguration;
			buildSettings = {
				ASSETCATALOG_COMPILER_APPICON_NAME = AppIcon;
				INFOPLIST_FILE = "Tic Tac Taco/Info.plist";
				LD_RUNPATH_SEARCH_PATHS = "$(inherited) @executable_path/Frameworks";
				PRODUCT_BUNDLE_IDENTIFIER = "com.ankita.Tic-Tac-Taco";
				PRODUCT_NAME = "$(TARGET_NAME)";
				SWIFT_VERSION = 3.0;
			};
			name = Debug;
		};
		BC37257E1DAA712500ECD9E8 /* Release */ = {
			isa = XCBuildConfiguration;
			buildSettings = {
				ASSETCATALOG_COMPILER_APPICON_NAME = AppIcon;
				INFOPLIST_FILE = "Tic Tac Taco/Info.plist";
				LD_RUNPATH_SEARCH_PATHS = "$(inherited) @executable_path/Frameworks";
				PRODUCT_BUNDLE_IDENTIFIER = "com.ankita.Tic-Tac-Taco";
				PRODUCT_NAME = "$(TARGET_NAME)";
				SWIFT_VERSION = 3.0;
			};
			name = Release;
		};
		BC3725801DAA712500ECD9E8 /* Debug */ = {
			isa = XCBuildConfiguration;
			buildSettings = {
				ALWAYS_EMBED_SWIFT_STANDARD_LIBRARIES = YES;
				BUNDLE_LOADER = "$(TEST_HOST)";
				INFOPLIST_FILE = "Tic Tac TacoTests/Info.plist";
				LD_RUNPATH_SEARCH_PATHS = "$(inherited) @executable_path/Frameworks @loader_path/Frameworks";
				PRODUCT_BUNDLE_IDENTIFIER = "com.ankita.Tic-Tac-TacoTests";
				PRODUCT_NAME = "$(TARGET_NAME)";
				SWIFT_VERSION = 3.0;
				TEST_HOST = "$(BUILT_PRODUCTS_DIR)/Tic Tac Taco.app/Tic Tac Taco";
			};
			name = Debug;
		};
		BC3725811DAA712500ECD9E8 /* Release */ = {
			isa = XCBuildConfiguration;
			buildSettings = {
				ALWAYS_EMBED_SWIFT_STANDARD_LIBRARIES = YES;
				BUNDLE_LOADER = "$(TEST_HOST)";
				INFOPLIST_FILE = "Tic Tac TacoTests/Info.plist";
				LD_RUNPATH_SEARCH_PATHS = "$(inherited) @executable_path/Frameworks @loader_path/Frameworks";
				PRODUCT_BUNDLE_IDENTIFIER = "com.ankita.Tic-Tac-TacoTests";
				PRODUCT_NAME = "$(TARGET_NAME)";
				SWIFT_VERSION = 3.0;
				TEST_HOST = "$(BUILT_PRODUCTS_DIR)/Tic Tac Taco.app/Tic Tac Taco";
			};
			name = Release;
		};
		BC3725831DAA712500ECD9E8 /* Debug */ = {
			isa = XCBuildConfiguration;
			buildSettings = {
				ALWAYS_EMBED_SWIFT_STANDARD_LIBRARIES = YES;
				INFOPLIST_FILE = "Tic Tac TacoUITests/Info.plist";
				LD_RUNPATH_SEARCH_PATHS = "$(inherited) @executable_path/Frameworks @loader_path/Frameworks";
				PRODUCT_BUNDLE_IDENTIFIER = "com.ankita.Tic-Tac-TacoUITests";
				PRODUCT_NAME = "$(TARGET_NAME)";
				SWIFT_VERSION = 3.0;
				TEST_TARGET_NAME = "Tic Tac Taco";
			};
			name = Debug;
		};
		BC3725841DAA712500ECD9E8 /* Release */ = {
			isa = XCBuildConfiguration;
			buildSettings = {
				ALWAYS_EMBED_SWIFT_STANDARD_LIBRARIES = YES;
				INFOPLIST_FILE = "Tic Tac TacoUITests/Info.plist";
				LD_RUNPATH_SEARCH_PATHS = "$(inherited) @executable_path/Frameworks @loader_path/Frameworks";
				PRODUCT_BUNDLE_IDENTIFIER = "com.ankita.Tic-Tac-TacoUITests";
				PRODUCT_NAME = "$(TARGET_NAME)";
				SWIFT_VERSION = 3.0;
				TEST_TARGET_NAME = "Tic Tac Taco";
			};
			name = Release;
		};
/* End XCBuildConfiguration section */

/* Begin XCConfigurationList section */
		BC37254F1DAA712400ECD9E8 /* Build configuration list for PBXProject "Tic Tac Taco" */ = {
			isa = XCConfigurationList;
			buildConfigurations = (
				BC37257A1DAA712500ECD9E8 /* Debug */,
				BC37257B1DAA712500ECD9E8 /* Release */,
			);
			defaultConfigurationIsVisible = 0;
			defaultConfigurationName = Release;
		};
		BC37257C1DAA712500ECD9E8 /* Build configuration list for PBXNativeTarget "Tic Tac Taco" */ = {
			isa = XCConfigurationList;
			buildConfigurations = (
				BC37257D1DAA712500ECD9E8 /* Debug */,
				BC37257E1DAA712500ECD9E8 /* Release */,
			);
			defaultConfigurationIsVisible = 0;
		};
		BC37257F1DAA712500ECD9E8 /* Build configuration list for PBXNativeTarget "Tic Tac TacoTests" */ = {
			isa = XCConfigurationList;
			buildConfigurations = (
				BC3725801DAA712500ECD9E8 /* Debug */,
				BC3725811DAA712500ECD9E8 /* Release */,
			);
			defaultConfigurationIsVisible = 0;
		};
		BC3725821DAA712500ECD9E8 /* Build configuration list for PBXNativeTarget "Tic Tac TacoUITests" */ = {
			isa = XCConfigurationList;
			buildConfigurations = (
				BC3725831DAA712500ECD9E8 /* Debug */,
				BC3725841DAA712500ECD9E8 /* Release */,
			);
			defaultConfigurationIsVisible = 0;
		};
/* End XCConfigurationList section */
	};
	rootObject = BC37254C1DAA712400ECD9E8 /* Project object */;
}
